<Solution>
  <Folder Name="/src/">
    <Project Path="src/NativeEndpoints/NativeEndpoints.csproj" />
    <Project Path="src/NativeEndpoints.Testing/NativeEndpoints.Testing.csproj" />
  </Folder>
  <Folder Name="/tests/">
    <Project Path="tests/NativeEndpoints.Tests/NativeEndpoints.Tests.csproj" />
  </Folder>
</Solution>
