<Solution>
  <Folder Name="/src/">
    <Project Path="src/NativeEndpoints/NativeEndpoints.csproj" />
    <Project Path="src/NativeEndpoints.Testing/NativeEndpoints.Testing.csproj" />
    <Project Path="src/NativeEndpoints.OpenApi/NativeEndpoints.OpenApi.csproj" />
    <Project Path="src/NativeEndpoints.Generator/NativeEndpoints.Generator.csproj" />
  </Folder>
  <Folder Name="/samples/">
    <Project Path="samples/Aot/Aot.csproj" />
    <Project Path="samples/Minimal/Minimal.csproj" />
    <Project Path="samples/PluginHost/Contracts/PluginHost.Contracts.csproj" />
    <Project Path="samples/PluginHost/Plugin/PluginHost.Plugin.csproj" />
    <Project Path="samples/PluginHost/Host/PluginHost.Host.csproj" />
  </Folder>
  <Folder Name="/tests/">
    <Project Path="tests/NativeEndpoints.Tests/NativeEndpoints.Tests.csproj" />
  </Folder>
</Solution>
